// !$*UTF8*$!
{
	archiveVersion = 1;
	classes = {
	};
	objectVersion = 56;
	objects = {

/* Begin PBXBuildFile section */
		AA6105AE2ABCDBC3007E2EC3 /* SeriesCollectionViewCell.swift in Sources */ = {isa = PBXBuildFile; fileRef = AA6105AC2ABCDBC3007E2EC3 /* SeriesCollectionViewCell.swift */; };
		AA6105AF2ABCDBC3007E2EC3 /* SeriesCollectionViewCell.xib in Resources */ = {isa = PBXBuildFile; fileRef = AA6105AD2ABCDBC3007E2EC3 /* SeriesCollectionViewCell.xib */; };
		AA6105B22ABCDBDB007E2EC3 /* MoviesCollectionViewCell.swift in Sources */ = {isa = PBXBuildFile; fileRef = AA6105B02ABCDBDB007E2EC3 /* MoviesCollectionViewCell.swift */; };
		AA6105B32ABCDBDB007E2EC3 /* MoviesCollectionViewCell.xib in Resources */ = {isa = PBXBuildFile; fileRef = AA6105B12ABCDBDB007E2EC3 /* MoviesCollectionViewCell.xib */; };
		AA6105B62ABCE92D007E2EC3 /* File.swift in Sources */ = {isa = PBXBuildFile; fileRef = AA6105B52ABCE92D007E2EC3 /* File.swift */; };
		AA6105B82ABCEA2C007E2EC3 /* ExtensionPlayingNow.swift in Sources */ = {isa = PBXBuildFile; fileRef = AA6105B72ABCEA2C007E2EC3 /* ExtensionPlayingNow.swift */; };
		AA6105BB2ABCEDEF007E2EC3 /* ModelData.swift in Sources */ = {isa = PBXBuildFile; fileRef = AA6105BA2ABCEDEF007E2EC3 /* ModelData.swift */; };
		AA6105BE2ABCEE5F007E2EC3 /* Categories.swift in Sources */ = {isa = PBXBuildFile; fileRef = AA6105BD2ABCEE5F007E2EC3 /* Categories.swift */; };
		AAA2674C2ABBF2FD00727A9E /* AppDelegate.swift in Sources */ = {isa = PBXBuildFile; fileRef = AAA2674B2ABBF2FD00727A9E /* AppDelegate.swift */; };
		AAA2674E2ABBF2FE00727A9E /* SceneDelegate.swift in Sources */ = {isa = PBXBuildFile; fileRef = AAA2674D2ABBF2FE00727A9E /* SceneDelegate.swift */; };
		AAA267502ABBF2FE00727A9E /* ViewController.swift in Sources */ = {isa = PBXBuildFile; fileRef = AAA2674F2ABBF2FE00727A9E /* ViewController.swift */; };
		AAA267532ABBF2FE00727A9E /* Main.storyboard in Resources */ = {isa = PBXBuildFile; fileRef = AAA267512ABBF2FE00727A9E /* Main.storyboard */; };
		AAA267552ABBF30100727A9E /* Assets.xcassets in Resources */ = {isa = PBXBuildFile; fileRef = AAA267542ABBF30100727A9E /* Assets.xcassets */; };
		AAA267582ABBF30100727A9E /* LaunchScreen.storyboard in Resources */ = {isa = PBXBuildFile; fileRef = AAA267562ABBF30100727A9E /* LaunchScreen.storyboard */; };
		AAA267652ABBF57F00727A9E /* PlayingNowViewController.swift in Sources */ = {isa = PBXBuildFile; fileRef = AAA267632ABBF57F00727A9E /* PlayingNowViewController.swift */; };
		AAA267662ABBF57F00727A9E /* PlayingNowViewController.xib in Resources */ = {isa = PBXBuildFile; fileRef = AAA267642ABBF57F00727A9E /* PlayingNowViewController.xib */; };
		AAA267692ABBF59A00727A9E /* MostPopularViewController.swift in Sources */ = {isa = PBXBuildFile; fileRef = AAA267672ABBF59A00727A9E /* MostPopularViewController.swift */; };
		AAA2676A2ABBF59A00727A9E /* MostPopularViewController.xib in Resources */ = {isa = PBXBuildFile; fileRef = AAA267682ABBF59A00727A9E /* MostPopularViewController.xib */; };
		AAA2676D2ABBF92100727A9E /* TabBarViewController.swift in Sources */ = {isa = PBXBuildFile; fileRef = AAA2676C2ABBF92100727A9E /* TabBarViewController.swift */; };
/* End PBXBuildFile section */

/* Begin PBXFileReference section */
		AA6105AC2ABCDBC3007E2EC3 /* SeriesCollectionViewCell.swift */ = {isa = PBXFileReference; lastKnownFileType = sourcecode.swift; path = SeriesCollectionViewCell.swift; sourceTree = "<group>"; };
		AA6105AD2ABCDBC3007E2EC3 /* SeriesCollectionViewCell.xib */ = {isa = PBXFileReference; lastKnownFileType = file.xib; path = SeriesCollectionViewCell.xib; sourceTree = "<group>"; };
		AA6105B02ABCDBDB007E2EC3 /* MoviesCollectionViewCell.swift */ = {isa = PBXFileReference; lastKnownFileType = sourcecode.swift; path = MoviesCollectionViewCell.swift; sourceTree = "<group>"; };
		AA6105B12ABCDBDB007E2EC3 /* MoviesCollectionViewCell.xib */ = {isa = PBXFileReference; lastKnownFileType = file.xib; path = MoviesCollectionViewCell.xib; sourceTree = "<group>"; };
		AA6105B52ABCE92D007E2EC3 /* File.swift */ = {isa = PBXFileReference; lastKnownFileType = sourcecode.swift; path = File.swift; sourceTree = "<group>"; };
		AA6105B72ABCEA2C007E2EC3 /* ExtensionPlayingNow.swift */ = {isa = PBXFileReference; lastKnownFileType = sourcecode.swift; path = ExtensionPlayingNow.swift; sourceTree = "<group>"; };
		AA6105BA2ABCEDEF007E2EC3 /* ModelData.swift */ = {isa = PBXFileReference; lastKnownFileType = sourcecode.swift; path = ModelData.swift; sourceTree = "<group>"; };
		AA6105BD2ABCEE5F007E2EC3 /* Categories.swift */ = {isa = PBXFileReference; lastKnownFileType = sourcecode.swift; path = Categories.swift; sourceTree = "<group>"; };
		AAA267482ABBF2FD00727A9E /* SeriesYPeliculas.app */ = {isa = PBXFileReference; explicitFileType = wrapper.application; includeInIndex = 0; path = SeriesYPeliculas.app; sourceTree = BUILT_PRODUCTS_DIR; };
		AAA2674B2ABBF2FD00727A9E /* AppDelegate.swift */ = {isa = PBXFileReference; lastKnownFileType = sourcecode.swift; path = AppDelegate.swift; sourceTree = "<group>"; };
		AAA2674D2ABBF2FE00727A9E /* SceneDelegate.swift */ = {isa = PBXFileReference; lastKnownFileType = sourcecode.swift; path = SceneDelegate.swift; sourceTree = "<group>"; };
		AAA2674F2ABBF2FE00727A9E /* ViewController.swift */ = {isa = PBXFileReference; lastKnownFileType = sourcecode.swift; path = ViewController.swift; sourceTree = "<group>"; };
		AAA267522ABBF2FE00727A9E /* Base */ = {isa = PBXFileReference; lastKnownFileType = file.storyboard; name = Base; path = Base.lproj/Main.storyboard; sourceTree = "<group>"; };
		AAA267542ABBF30100727A9E /* Assets.xcassets */ = {isa = PBXFileReference; lastKnownFileType = folder.assetcatalog; path = Assets.xcassets; sourceTree = "<group>"; };
		AAA267572ABBF30100727A9E /* Base */ = {isa = PBXFileReference; lastKnownFileType = file.storyboard; name = Base; path = Base.lproj/LaunchScreen.storyboard; sourceTree = "<group>"; };
		AAA267592ABBF30100727A9E /* Info.plist */ = {isa = PBXFileReference; lastKnownFileType = text.plist.xml; path = Info.plist; sourceTree = "<group>"; };
		AAA267632ABBF57F00727A9E /* PlayingNowViewController.swift */ = {isa = PBXFileReference; lastKnownFileType = sourcecode.swift; path = PlayingNowViewController.swift; sourceTree = "<group>"; };
		AAA267642ABBF57F00727A9E /* PlayingNowViewController.xib */ = {isa = PBXFileReference; lastKnownFileType = file.xib; path = PlayingNowViewController.xib; sourceTree = "<group>"; };
		AAA267672ABBF59A00727A9E /* MostPopularViewController.swift */ = {isa = PBXFileReference; lastKnownFileType = sourcecode.swift; path = MostPopularViewController.swift; sourceTree = "<group>"; };
		AAA267682ABBF59A00727A9E /* MostPopularViewController.xib */ = {isa = PBXFileReference; lastKnownFileType = file.xib; path = MostPopularViewController.xib; sourceTree = "<group>"; };
		AAA2676C2ABBF92100727A9E /* TabBarViewController.swift */ = {isa = PBXFileReference; lastKnownFileType = sourcecode.swift; path = TabBarViewController.swift; sourceTree = "<group>"; };
/* End PBXFileReference section */

/* Begin PBXFrameworksBuildPhase section */
		AAA267452ABBF2FD00727A9E /* Frameworks */ = {
			isa = PBXFrameworksBuildPhase;
			buildActionMask = 2147483647;
			files = (
			);
			runOnlyForDeploymentPostprocessing = 0;
		};
/* End PBXFrameworksBuildPhase section */

/* Begin PBXGroup section */
		AA6105A92ABCDB6F007E2EC3 /* CollectionViewCells */ = {
			isa = PBXGroup;
			children = (
				AA6105AB2ABCDB96007E2EC3 /* SeriesCollectionViewCell */,
				AA6105AA2ABCDB7C007E2EC3 /* MoviesCollectionViewCell */,
			);
			path = CollectionViewCells;
			sourceTree = "<group>";
		};
		AA6105AA2ABCDB7C007E2EC3 /* MoviesCollectionViewCell */ = {
			isa = PBXGroup;
			children = (
				AA6105B02ABCDBDB007E2EC3 /* MoviesCollectionViewCell.swift */,
				AA6105B12ABCDBDB007E2EC3 /* MoviesCollectionViewCell.xib */,
			);
			path = MoviesCollectionViewCell;
			sourceTree = "<group>";
		};
		AA6105AB2ABCDB96007E2EC3 /* SeriesCollectionViewCell */ = {
			isa = PBXGroup;
			children = (
				AA6105AC2ABCDBC3007E2EC3 /* SeriesCollectionViewCell.swift */,
				AA6105AD2ABCDBC3007E2EC3 /* SeriesCollectionViewCell.xib */,
			);
			path = SeriesCollectionViewCell;
			sourceTree = "<group>";
		};
		AA6105B42ABCE91A007E2EC3 /* Extensions */ = {
			isa = PBXGroup;
			children = (
				AA6105B52ABCE92D007E2EC3 /* File.swift */,
			);
			path = Extensions;
			sourceTree = "<group>";
		};
		AA6105B92ABCEDDC007E2EC3 /* ModelData */ = {
			isa = PBXGroup;
			children = (
				AA6105BA2ABCEDEF007E2EC3 /* ModelData.swift */,
			);
			path = ModelData;
			sourceTree = "<group>";
		};
		AA6105BC2ABCEE4C007E2EC3 /* Categories */ = {
			isa = PBXGroup;
			children = (
				AA6105BD2ABCEE5F007E2EC3 /* Categories.swift */,
			);
			path = Categories;
			sourceTree = "<group>";
		};
		AAA2673F2ABBF2FD00727A9E = {
			isa = PBXGroup;
			children = (
				AAA2674A2ABBF2FD00727A9E /* SeriesYPeliculas */,
				AAA267492ABBF2FD00727A9E /* Products */,
			);
			sourceTree = "<group>";
		};
		AAA267492ABBF2FD00727A9E /* Products */ = {
			isa = PBXGroup;
			children = (
				AAA267482ABBF2FD00727A9E /* SeriesYPeliculas.app */,
			);
			name = Products;
			sourceTree = "<group>";
		};
		AAA2674A2ABBF2FD00727A9E /* SeriesYPeliculas */ = {
			isa = PBXGroup;
			children = (
				AA6105BC2ABCEE4C007E2EC3 /* Categories */,
				AA6105B92ABCEDDC007E2EC3 /* ModelData */,
				AA6105B42ABCE91A007E2EC3 /* Extensions */,
				AA6105A92ABCDB6F007E2EC3 /* CollectionViewCells */,
				AAA2676B2ABBF8C700727A9E /* TapBarController */,
				AAA2675F2ABBF54800727A9E /* Vistas */,
				AAA2674B2ABBF2FD00727A9E /* AppDelegate.swift */,
				AAA2674D2ABBF2FE00727A9E /* SceneDelegate.swift */,
				AAA2674F2ABBF2FE00727A9E /* ViewController.swift */,
				AAA267512ABBF2FE00727A9E /* Main.storyboard */,
				AAA267542ABBF30100727A9E /* Assets.xcassets */,
				AAA267562ABBF30100727A9E /* LaunchScreen.storyboard */,
				AAA267592ABBF30100727A9E /* Info.plist */,
			);
			path = SeriesYPeliculas;
			sourceTree = "<group>";
		};
		AAA2675F2ABBF54800727A9E /* Vistas */ = {
			isa = PBXGroup;
			children = (
				AAA267622ABBF56300727A9E /* PlayingNow */,
				AAA267602ABBF55200727A9E /* MostPopular */,
			);
			path = Vistas;
			sourceTree = "<group>";
		};
		AAA267602ABBF55200727A9E /* MostPopular */ = {
			isa = PBXGroup;
			children = (
				AAA267672ABBF59A00727A9E /* MostPopularViewController.swift */,
				AAA267682ABBF59A00727A9E /* MostPopularViewController.xib */,
			);
			path = MostPopular;
			sourceTree = "<group>";
		};
		AAA267622ABBF56300727A9E /* PlayingNow */ = {
			isa = PBXGroup;
			children = (
				AAA267632ABBF57F00727A9E /* PlayingNowViewController.swift */,
				AA6105B72ABCEA2C007E2EC3 /* ExtensionPlayingNow.swift */,
				AAA267642ABBF57F00727A9E /* PlayingNowViewController.xib */,
			);
			path = PlayingNow;
			sourceTree = "<group>";
		};
		AAA2676B2ABBF8C700727A9E /* TapBarController */ = {
			isa = PBXGroup;
			children = (
				AAA2676C2ABBF92100727A9E /* TabBarViewController.swift */,
			);
			path = TapBarController;
			sourceTree = "<group>";
		};
/* End PBXGroup section */

/* Begin PBXNativeTarget section */
		AAA267472ABBF2FD00727A9E /* SeriesYPeliculas */ = {
			isa = PBXNativeTarget;
			buildConfigurationList = AAA2675C2ABBF30100727A9E /* Build configuration list for PBXNativeTarget "SeriesYPeliculas" */;
			buildPhases = (
				AAA267442ABBF2FD00727A9E /* Sources */,
				AAA267452ABBF2FD00727A9E /* Frameworks */,
				AAA267462ABBF2FD00727A9E /* Resources */,
			);
			buildRules = (
			);
			dependencies = (
			);
			name = SeriesYPeliculas;
			productName = SeriesYPeliculas;
			productReference = AAA267482ABBF2FD00727A9E /* SeriesYPeliculas.app */;
			productType = "com.apple.product-type.application";
		};
/* End PBXNativeTarget section */

/* Begin PBXProject section */
		AAA267402ABBF2FD00727A9E /* Project object */ = {
			isa = PBXProject;
			attributes = {
				BuildIndependentTargetsInParallel = 1;
				LastSwiftUpdateCheck = 1420;
				LastUpgradeCheck = 1420;
				TargetAttributes = {
					AAA267472ABBF2FD00727A9E = {
						CreatedOnToolsVersion = 14.2;
					};
				};
			};
			buildConfigurationList = AAA267432ABBF2FD00727A9E /* Build configuration list for PBXProject "SeriesYPeliculas" */;
			compatibilityVersion = "Xcode 14.0";
			developmentRegion = en;
			hasScannedForEncodings = 0;
			knownRegions = (
				en,
				Base,
			);
			mainGroup = AAA2673F2ABBF2FD00727A9E;
			productRefGroup = AAA267492ABBF2FD00727A9E /* Products */;
			projectDirPath = "";
			projectRoot = "";
			targets = (
				AAA267472ABBF2FD00727A9E /* SeriesYPeliculas */,
			);
		};
/* End PBXProject section */

/* Begin PBXResourcesBuildPhase section */
		AAA267462ABBF2FD00727A9E /* Resources */ = {
			isa = PBXResourcesBuildPhase;
			buildActionMask = 2147483647;
			files = (
				AA6105B32ABCDBDB007E2EC3 /* MoviesCollectionViewCell.xib in Resources */,
				AAA267662ABBF57F00727A9E /* PlayingNowViewController.xib in Resources */,
				AAA267582ABBF30100727A9E /* LaunchScreen.storyboard in Resources */,
				AAA2676A2ABBF59A00727A9E /* MostPopularViewController.xib in Resources */,
				AAA267552ABBF30100727A9E /* Assets.xcassets in Resources */,
				AAA267532ABBF2FE00727A9E /* Main.storyboard in Resources */,
				AA6105AF2ABCDBC3007E2EC3 /* SeriesCollectionViewCell.xib in Resources */,
			);
			runOnlyForDeploymentPostprocessing = 0;
		};
/* End PBXResourcesBuildPhase section */

/* Begin PBXSourcesBuildPhase section */
		AAA267442ABBF2FD00727A9E /* Sources */ = {
			isa = PBXSourcesBuildPhase;
			buildActionMask = 2147483647;
			files = (
				AAA267692ABBF59A00727A9E /* MostPopularViewController.swift in Sources */,
				AAA267652ABBF57F00727A9E /* PlayingNowViewController.swift in Sources */,
				AAA267502ABBF2FE00727A9E /* ViewController.swift in Sources */,
				AA6105B22ABCDBDB007E2EC3 /* MoviesCollectionViewCell.swift in Sources */,
				AAA2674C2ABBF2FD00727A9E /* AppDelegate.swift in Sources */,
				AA6105BE2ABCEE5F007E2EC3 /* Categories.swift in Sources */,
				AA6105B82ABCEA2C007E2EC3 /* ExtensionPlayingNow.swift in Sources */,
				AAA2676D2ABBF92100727A9E /* TabBarViewController.swift in Sources */,
				AA6105BB2ABCEDEF007E2EC3 /* ModelData.swift in Sources */,
				AAA2674E2ABBF2FE00727A9E /* SceneDelegate.swift in Sources */,
				AA6105B62ABCE92D007E2EC3 /* File.swift in Sources */,
				AA6105AE2ABCDBC3007E2EC3 /* SeriesCollectionViewCell.swift in Sources */,
			);
			runOnlyForDeploymentPostprocessing = 0;
		};
/* End PBXSourcesBuildPhase section */

/* Begin PBXVariantGroup section */
		AAA267512ABBF2FE00727A9E /* Main.storyboard */ = {
			isa = PBXVariantGroup;
			children = (
				AAA267522ABBF2FE00727A9E /* Base */,
			);
			name = Main.storyboard;
			sourceTree = "<group>";
		};
		AAA267562ABBF30100727A9E /* LaunchScreen.storyboard */ = {
			isa = PBXVariantGroup;
			children = (
				AAA267572ABBF30100727A9E /* Base */,
			);
			name = LaunchScreen.storyboard;
			sourceTree = "<group>";
		};
/* End PBXVariantGroup section */

/* Begin XCBuildConfiguration section */
		AAA2675A2ABBF30100727A9E /* Debug */ = {
			isa = XCBuildConfiguration;
			buildSettings = {
				ALWAYS_SEARCH_USER_PATHS = NO;
				CLANG_ANALYZER_NONNULL = YES;
				CLANG_ANALYZER_NUMBER_OBJECT_CONVERSION = YES_AGGRESSIVE;
				CLANG_CXX_LANGUAGE_STANDARD = "gnu++20";
				CLANG_ENABLE_MODULES = YES;
				CLANG_ENABLE_OBJC_ARC = YES;
				CLANG_ENABLE_OBJC_WEAK = YES;
				CLANG_WARN_BLOCK_CAPTURE_AUTORELEASING = YES;
				CLANG_WARN_BOOL_CONVERSION = YES;
				CLANG_WARN_COMMA = YES;
				CLANG_WARN_CONSTANT_CONVERSION = YES;
				CLANG_WARN_DEPRECATED_OBJC_IMPLEMENTATIONS = YES;
				CLANG_WARN_DIRECT_OBJC_ISA_USAGE = YES_ERROR;
				CLANG_WARN_DOCUMENTATION_COMMENTS = YES;
				CLANG_WARN_EMPTY_BODY = YES;
				CLANG_WARN_ENUM_CONVERSION = YES;
				CLANG_WARN_INFINITE_RECURSION = YES;
				CLANG_WARN_INT_CONVERSION = YES;
				CLANG_WARN_NON_LITERAL_NULL_CONVERSION = YES;
				CLANG_WARN_OBJC_IMPLICIT_RETAIN_SELF = YES;
				CLANG_WARN_OBJC_LITERAL_CONVERSION = YES;
				CLANG_WARN_OBJC_ROOT_CLASS = YES_ERROR;
				CLANG_WARN_QUOTED_INCLUDE_IN_FRAMEWORK_HEADER = YES;
				CLANG_WARN_RANGE_LOOP_ANALYSIS = YES;
				CLANG_WARN_STRICT_PROTOTYPES = YES;
				CLANG_WARN_SUSPICIOUS_MOVE = YES;
				CLANG_WARN_UNGUARDED_AVAILABILITY = YES_AGGRESSIVE;
				CLANG_WARN_UNREACHABLE_CODE = YES;
				CLANG_WARN__DUPLICATE_METHOD_MATCH = YES;
				COPY_PHASE_STRIP = NO;
				DEBUG_INFORMATION_FORMAT = dwarf;
				ENABLE_STRICT_OBJC_MSGSEND = YES;
				ENABLE_TESTABILITY = YES;
				GCC_C_LANGUAGE_STANDARD = gnu11;
				GCC_DYNAMIC_NO_PIC = NO;
				GCC_NO_COMMON_BLOCKS = YES;
				GCC_OPTIMIZATION_LEVEL = 0;
				GCC_PREPROCESSOR_DEFINITIONS = (
					"DEBUG=1",
					"$(inherited)",
				);
				GCC_WARN_64_TO_32_BIT_CONVERSION = YES;
				GCC_WARN_ABOUT_RETURN_TYPE = YES_ERROR;
				GCC_WARN_UNDECLARED_SELECTOR = YES;
				GCC_WARN_UNINITIALIZED_AUTOS = YES_AGGRESSIVE;
				GCC_WARN_UNUSED_FUNCTION = YES;
				GCC_WARN_UNUSED_VARIABLE = YES;
				IPHONEOS_DEPLOYMENT_TARGET = 14.0;
				MTL_ENABLE_DEBUG_INFO = INCLUDE_SOURCE;
				MTL_FAST_MATH = YES;
				ONLY_ACTIVE_ARCH = YES;
				SDKROOT = iphoneos;
				SWIFT_ACTIVE_COMPILATION_CONDITIONS = DEBUG;
				SWIFT_OPTIMIZATION_LEVEL = "-Onone";
			};
			name = Debug;
		};
		AAA2675B2ABBF30100727A9E /* Release */ = {
			isa = XCBuildConfiguration;
			buildSettings = {
				ALWAYS_SEARCH_USER_PATHS = NO;
				CLANG_ANALYZER_NONNULL = YES;
				CLANG_ANALYZER_NUMBER_OBJECT_CONVERSION = YES_AGGRESSIVE;
				CLANG_CXX_LANGUAGE_STANDARD = "gnu++20";
				CLANG_ENABLE_MODULES = YES;
				CLANG_ENABLE_OBJC_ARC = YES;
				CLANG_ENABLE_OBJC_WEAK = YES;
				CLANG_WARN_BLOCK_CAPTURE_AUTORELEASING = YES;
				CLANG_WARN_BOOL_CONVERSION = YES;
				CLANG_WARN_COMMA = YES;
				CLANG_WARN_CONSTANT_CONVERSION = YES;
				CLANG_WARN_DEPRECATED_OBJC_IMPLEMENTATIONS = YES;
				CLANG_WARN_DIRECT_OBJC_ISA_USAGE = YES_ERROR;
				CLANG_WARN_DOCUMENTATION_COMMENTS = YES;
				CLANG_WARN_EMPTY_BODY = YES;
				CLANG_WARN_ENUM_CONVERSION = YES;
				CLANG_WARN_INFINITE_RECURSION = YES;
				CLANG_WARN_INT_CONVERSION = YES;
				CLANG_WARN_NON_LITERAL_NULL_CONVERSION = YES;
				CLANG_WARN_OBJC_IMPLICIT_RETAIN_SELF = YES;
				CLANG_WARN_OBJC_LITERAL_CONVERSION = YES;
				CLANG_WARN_OBJC_ROOT_CLASS = YES_ERROR;
				CLANG_WARN_QUOTED_INCLUDE_IN_FRAMEWORK_HEADER = YES;
				CLANG_WARN_RANGE_LOOP_ANALYSIS = YES;
				CLANG_WARN_STRICT_PROTOTYPES = YES;
				CLANG_WARN_SUSPICIOUS_MOVE = YES;
				CLANG_WARN_UNGUARDED_AVAILABILITY = YES_AGGRESSIVE;
				CLANG_WARN_UNREACHABLE_CODE = YES;
				CLANG_WARN__DUPLICATE_METHOD_MATCH = YES;
				COPY_PHASE_STRIP = NO;
				DEBUG_INFORMATION_FORMAT = "dwarf-with-dsym";
				ENABLE_NS_ASSERTIONS = NO;
				ENABLE_STRICT_OBJC_MSGSEND = YES;
				GCC_C_LANGUAGE_STANDARD = gnu11;
				GCC_NO_COMMON_BLOCKS = YES;
				GCC_WARN_64_TO_32_BIT_CONVERSION = YES;
				GCC_WARN_ABOUT_RETURN_TYPE = YES_ERROR;
				GCC_WARN_UNDECLARED_SELECTOR = YES;
				GCC_WARN_UNINITIALIZED_AUTOS = YES_AGGRESSIVE;
				GCC_WARN_UNUSED_FUNCTION = YES;
				GCC_WARN_UNUSED_VARIABLE = YES;
				IPHONEOS_DEPLOYMENT_TARGET = 14.0;
				MTL_ENABLE_DEBUG_INFO = NO;
				MTL_FAST_MATH = YES;
				SDKROOT = iphoneos;
				SWIFT_COMPILATION_MODE = wholemodule;
				SWIFT_OPTIMIZATION_LEVEL = "-O";
				VALIDATE_PRODUCT = YES;
			};
			name = Release;
		};
		AAA2675D2ABBF30100727A9E /* Debug */ = {
			isa = XCBuildConfiguration;
			buildSettings = {
				ASSETCATALOG_COMPILER_APPICON_NAME = AppIcon;
				ASSETCATALOG_COMPILER_GLOBAL_ACCENT_COLOR_NAME = AccentColor;
				CODE_SIGN_STYLE = Automatic;
				CURRENT_PROJECT_VERSION = 1;
				GENERATE_INFOPLIST_FILE = YES;
				INFOPLIST_FILE = SeriesYPeliculas/Info.plist;
				INFOPLIST_KEY_UIApplicationSupportsIndirectInputEvents = YES;
				INFOPLIST_KEY_UILaunchStoryboardName = LaunchScreen;
				INFOPLIST_KEY_UIMainStoryboardFile = Main;
				INFOPLIST_KEY_UISupportedInterfaceOrientations_iPad = "UIInterfaceOrientationPortrait UIInterfaceOrientationPortraitUpsideDown UIInterfaceOrientationLandscapeLeft UIInterfaceOrientationLandscapeRight";
				INFOPLIST_KEY_UISupportedInterfaceOrientations_iPhone = "UIInterfaceOrientationPortrait UIInterfaceOrientationLandscapeLeft UIInterfaceOrientationLandscapeRight";
				IPHONEOS_DEPLOYMENT_TARGET = 14.0;
				LD_RUNPATH_SEARCH_PATHS = (
					"$(inherited)",
					"@executable_path/Frameworks",
				);
				MARKETING_VERSION = 1.0;
				PRODUCT_BUNDLE_IDENTIFIER = MA.SeriesYPeliculas;
				PRODUCT_NAME = "$(TARGET_NAME)";
				SUPPORTED_PLATFORMS = "iphoneos iphonesimulator";
				SUPPORTS_MACCATALYST = NO;
				SUPPORTS_MAC_DESIGNED_FOR_IPHONE_IPAD = NO;
				SWIFT_EMIT_LOC_STRINGS = YES;
				SWIFT_VERSION = 5.0;
				TARGETED_DEVICE_FAMILY = "1,2";
			};
			name = Debug;
		};
		AAA2675E2ABBF30100727A9E /* Release */ = {
			isa = XCBuildConfiguration;
			buildSettings = {
				ASSETCATALOG_COMPILER_APPICON_NAME = AppIcon;
				ASSETCATALOG_COMPILER_GLOBAL_ACCENT_COLOR_NAME = AccentColor;
				CODE_SIGN_STYLE = Automatic;
				CURRENT_PROJECT_VERSION = 1;
				GENERATE_INFOPLIST_FILE = YES;
				INFOPLIST_FILE = SeriesYPeliculas/Info.plist;
				INFOPLIST_KEY_UIApplicationSupportsIndirectInputEvents = YES;
				INFOPLIST_KEY_UILaunchStoryboardName = LaunchScreen;
				INFOPLIST_KEY_UIMainStoryboardFile = Main;
				INFOPLIST_KEY_UISupportedInterfaceOrientations_iPad = "UIInterfaceOrientationPortrait UIInterfaceOrientationPortraitUpsideDown UIInterfaceOrientationLandscapeLeft UIInterfaceOrientationLandscapeRight";
				INFOPLIST_KEY_UISupportedInterfaceOrientations_iPhone = "UIInterfaceOrientationPortrait UIInterfaceOrientationLandscapeLeft UIInterfaceOrientationLandscapeRight";
				IPHONEOS_DEPLOYMENT_TARGET = 14.0;
				LD_RUNPATH_SEARCH_PATHS = (
					"$(inherited)",
					"@executable_path/Frameworks",
				);
				MARKETING_VERSION = 1.0;
				PRODUCT_BUNDLE_IDENTIFIER = MA.SeriesYPeliculas;
				PRODUCT_NAME = "$(TARGET_NAME)";
				SUPPORTED_PLATFORMS = "iphoneos iphonesimulator";
				SUPPORTS_MACCATALYST = NO;
				SUPPORTS_MAC_DESIGNED_FOR_IPHONE_IPAD = NO;
				SWIFT_EMIT_LOC_STRINGS = YES;
				SWIFT_VERSION = 5.0;
				TARGETED_DEVICE_FAMILY = "1,2";
			};
			name = Release;
		};
/* End XCBuildConfiguration section */

/* Begin XCConfigurationList section */
		AAA267432ABBF2FD00727A9E /* Build configuration list for PBXProject "SeriesYPeliculas" */ = {
			isa = XCConfigurationList;
			buildConfigurations = (
				AAA2675A2ABBF30100727A9E /* Debug */,
				AAA2675B2ABBF30100727A9E /* Release */,
			);
			defaultConfigurationIsVisible = 0;
			defaultConfigurationName = Release;
		};
		AAA2675C2ABBF30100727A9E /* Build configuration list for PBXNativeTarget "SeriesYPeliculas" */ = {
			isa = XCConfigurationList;
			buildConfigurations = (
				AAA2675D2ABBF30100727A9E /* Debug */,
				AAA2675E2ABBF30100727A9E /* Release */,
			);
			defaultConfigurationIsVisible = 0;
			defaultConfigurationName = Release;
		};
/* End XCConfigurationList section */
	};
	rootObject = AAA267402ABBF2FD00727A9E /* Project object */;
}
